
Microsoft Visual Studio Solution File, Format Version 11.00
# Visual Studio 2010
Project("{F2A71F9B-5D33-465A-A702-920D77279786}") = "Website", "WebSharperTest\Website\Website.fsproj", "{2F79598C-5F08-423E-B308-1463B899489E}"
EndProject
Project("{FAE04EC0-301F-11D3-BF4B-00C04F79EFBC}") = "Web", "WebSharperTest\Web\Web.csproj", "{6A743576-59B1-49C7-A348-AD3C991BA387}"
EndProject
Global
	GlobalSection(SolutionConfigurationPlatforms) = preSolution
		Debug|Any CPU = Debug|Any CPU
		Release|Any CPU = Release|Any CPU
	EndGlobalSection
	GlobalSection(ProjectConfigurationPlatforms) = postSolution
		{2F79598C-5F08-423E-B308-1463B899489E}.Debug|Any CPU.ActiveCfg = Debug|Any CPU
		{2F79598C-5F08-423E-B308-1463B899489E}.Debug|Any CPU.Build.0 = Debug|Any CPU
		{2F79598C-5F08-423E-B308-1463B899489E}.Release|Any CPU.ActiveCfg = Release|Any CPU
		{2F79598C-5F08-423E-B308-1463B899489E}.Release|Any CPU.Build.0 = Release|Any CPU
		{6A743576-59B1-49C7-A348-AD3C991BA387}.Debug|Any CPU.ActiveCfg = Debug|Any CPU
		{6A743576-59B1-49C7-A348-AD3C991BA387}.Debug|Any CPU.Build.0 = Debug|Any CPU
		{6A743576-59B1-49C7-A348-AD3C991BA387}.Release|Any CPU.ActiveCfg = Release|Any CPU
		{6A743576-59B1-49C7-A348-AD3C991BA387}.Release|Any CPU.Build.0 = Release|Any CPU
	EndGlobalSection
	GlobalSection(SolutionProperties) = preSolution
		HideSolutionNode = FALSE
	EndGlobalSection
EndGlobal
